
Microsoft Visual Studio Solution File, Format Version 12.00
# Visual Studio Version 16
VisualStudioVersion = 16.0.31624.102
MinimumVisualStudioVersion = 10.0.40219.1
Project("{FAE04EC0-301F-11D3-BF4B-00C04F79EFBC}") = "ADOEmpRollPay", "ADOEmpRollPay\ADOEmpRollPay.csproj", "{264E0C31-C9F2-4DFB-92E8-215A849C7EC3}"
EndProject
Global
	GlobalSection(SolutionConfigurationPlatforms) = preSolution
		Debug|Any CPU = Debug|Any CPU
		Release|Any CPU = Release|Any CPU
	EndGlobalSection
	GlobalSection(ProjectConfigurationPlatforms) = postSolution
		{264E0C31-C9F2-4DFB-92E8-215A849C7EC3}.Debug|Any CPU.ActiveCfg = Debug|Any CPU
		{264E0C31-C9F2-4DFB-92E8-215A849C7EC3}.Debug|Any CPU.Build.0 = Debug|Any CPU
		{264E0C31-C9F2-4DFB-92E8-215A849C7EC3}.Release|Any CPU.ActiveCfg = Release|Any CPU
		{264E0C31-C9F2-4DFB-92E8-215A849C7EC3}.Release|Any CPU.Build.0 = Release|Any CPU
	EndGlobalSection
	GlobalSection(SolutionProperties) = preSolution
		HideSolutionNode = FALSE
	EndGlobalSection
	GlobalSection(ExtensibilityGlobals) = postSolution
		SolutionGuid = {257953B1-9FFB-4B51-930E-CC6DFCB2BE7B}
	EndGlobalSection
EndGlobal
